<?xml version="1.0" encoding="utf-8"?>
<Project ToolsVersion="4.0" xmlns="http://schemas.microsoft.com/developer/msbuild/2003">
  <ItemGroup>
    <Filter Include="源文件">
      <UniqueIdentifier>{4FC737F1-C7A5-4376-A066-2A32D752A2FF}</UniqueIdentifier>
      <Extensions>cpp;c;cc;cxx;def;odl;idl;hpj;bat;asm;asmx</Extensions>
    </Filter>
    <Filter Include="头文件">
      <UniqueIdentifier>{93995380-89BD-4b04-88EB-625FBE52EBFB}</UniqueIdentifier>
      <Extensions>h;hpp;hxx;hm;inl;inc;xsd</Extensions>
    </Filter>
    <Filter Include="资源文件">
      <UniqueIdentifier>{67DA6AB6-F800-4c08-8B7A-83BB121AAD01}</UniqueIdentifier>
      <Extensions>rc;ico;cur;bmp;dlg;rc2;rct;bin;rgs;gif;jpg;jpeg;jpe;resx;tiff;tif;png;wav;mfcribbon-ms</Extensions>
    </Filter>
    <Filter Include="Config">
      <UniqueIdentifier>{657cc865-1d35-464f-9930-81194cb6117c}</UniqueIdentifier>
    </Filter>
  </ItemGroup>
  <ItemGroup>
    <None Include="ReadMe.txt" />
    <None Include="DLT6451997Cmd.xml">
      <Filter>Config</Filter>
    </None>
    <None Include="DLT6451997DI.xml">
      <Filter>Config</Filter>
    </None>
    <None Include="DLT6452007Cmd.xml">
      <Filter>Config</Filter>
    </None>
    <None Include="DLT6452007DI.xml">
      <Filter>Config</Filter>
    </None>
  </ItemGroup>
  <ItemGroup>
    <ClInclude Include="resource.h">
      <Filter>头文件</Filter>
    </ClInclude>
    <ClInclude Include="..\Include\DLT645\DLT645Comm.h">
      <Filter>头文件</Filter>
    </ClInclude>
    <ClInclude Include="..\Include\DLT645\DLT645.h">
      <Filter>头文件</Filter>
    </ClInclude>
    <ClInclude Include="..\Include\DLT645\DLT6451997.h">
      <Filter>头文件</Filter>
    </ClInclude>
    <ClInclude Include="..\include\DLT645\DLT645Frame.h">
      <Filter>头文件</Filter>
    </ClInclude>
    <ClInclude Include="..\Include\DLT645\DLT645FrameSend.h">
      <Filter>头文件</Filter>
    </ClInclude>
    <ClInclude Include="..\Include\DLT645\DLT645FrameRecv.h">
      <Filter>头文件</Filter>
    </ClInclude>
    <ClInclude Include="..\Include\DLT645\DLT645Cmd.h">
      <Filter>头文件</Filter>
    </ClInclude>
    <ClInclude Include="..\include\DLT645\DLT645DI.h">
      <Filter>头文件</Filter>
    </ClInclude>
    <ClInclude Include="..\Include\DLT645\DISelector.h">
      <Filter>头文件</Filter>
    </ClInclude>
    <ClInclude Include="..\Include\DLT645\DLT6452007.h">
      <Filter>头文件</Filter>
    </ClInclude>
  </ItemGroup>
  <ItemGroup>
    <ClCompile Include="DLT645.cpp">
      <Filter>源文件</Filter>
    </ClCompile>
    <ClCompile Include="dllmain.cpp">
      <Filter>源文件</Filter>
    </ClCompile>
    <ClCompile Include="DLT645Frame.cpp">
      <Filter>源文件</Filter>
    </ClCompile>
    <ClCompile Include="DLT645FrameSend.cpp">
      <Filter>源文件</Filter>
    </ClCompile>
    <ClCompile Include="DLT645FrameRecv.cpp">
      <Filter>源文件</Filter>
    </ClCompile>
    <ClCompile Include="DLT645Cmd.cpp">
      <Filter>源文件</Filter>
    </ClCompile>
    <ClCompile Include="DLT6451997.cpp">
      <Filter>源文件</Filter>
    </ClCompile>
    <ClCompile Include="DLT645DI.cpp">
      <Filter>源文件</Filter>
    </ClCompile>
    <ClCompile Include="DISelecotor.cpp">
      <Filter>源文件</Filter>
    </ClCompile>
    <ClCompile Include="DLT6452007.cpp">
      <Filter>源文件</Filter>
    </ClCompile>
  </ItemGroup>
  <ItemGroup>
    <ResourceCompile Include="DLT645.rc">
      <Filter>资源文件</Filter>
    </ResourceCompile>
  </ItemGroup>
</Project>